
Microsoft Visual Studio Solution File, Format Version 12.00
# Visual Studio Version 16
VisualStudioVersion = 25.0.1703.2
MinimumVisualStudioVersion = 10.0.40219.1
Project("{FAE04EC0-301F-11D3-BF4B-00C04F79EFBC}") = "SyncLogger", "SyncLogger.csproj", "{DAB768F8-D4A3-456A-BD7A-97F84DE1F9EC}"
EndProject
Global
	GlobalSection(SolutionConfigurationPlatforms) = preSolution
		Debug|Any CPU = Debug|Any CPU
		Release|Any CPU = Release|Any CPU
	EndGlobalSection
	GlobalSection(ProjectConfigurationPlatforms) = postSolution
		{DAB768F8-D4A3-456A-BD7A-97F84DE1F9EC}.Debug|Any CPU.ActiveCfg = Debug|Any CPU
		{DAB768F8-D4A3-456A-BD7A-97F84DE1F9EC}.Debug|Any CPU.Build.0 = Debug|Any CPU
		{DAB768F8-D4A3-456A-BD7A-97F84DE1F9EC}.Release|Any CPU.ActiveCfg = Release|Any CPU
		{DAB768F8-D4A3-456A-BD7A-97F84DE1F9EC}.Release|Any CPU.Build.0 = Release|Any CPU
	EndGlobalSection
	GlobalSection(SolutionProperties) = preSolution
		HideSolutionNode = FALSE
	EndGlobalSection
	GlobalSection(ExtensibilityGlobals) = postSolution
		SolutionGuid = {011E252F-232E-4346-8DA5-4AC98506542A}
	EndGlobalSection
EndGlobal
